
Microsoft Visual Studio Solution File, Format Version 12.00
Project("{FAE04EC0-301F-11D3-BF4B-00C04F79EFBC}") = "Library.AsyncJob.Worker", "src\Library.AsyncJob.Worker\Library.AsyncJob.Worker.csproj", "{A6607B27-8799-43FC-A19A-3FA8BF57DD7C}"
EndProject
Project("{2150E333-8FDC-42A3-9474-1A3956D46DE8}") = "sandbox", "sandbox", "{9A8E244C-7594-48F3-9101-B3E6A76D6660}"
EndProject
Project("{FAE04EC0-301F-11D3-BF4B-00C04F79EFBC}") = "SandBox.Cli", "sandbox\SandBox.Cli\SandBox.Cli.csproj", "{B252B1E5-30CE-4243-B9B6-9D023B54C461}"
EndProject
Project("{FAE04EC0-301F-11D3-BF4B-00C04F79EFBC}") = "SerilogTest", "sandbox\SerilogTest\SerilogTest.csproj", "{FBFC5880-3AE7-4A91-A4A7-46C648DD2557}"
EndProject
Project("{FAE04EC0-301F-11D3-BF4B-00C04F79EFBC}") = "WebApplication", "sandbox\WebApplication\WebApplication.csproj", "{08596D53-8F3D-4639-A9B8-9D057B3FD653}"
EndProject
Project("{FAE04EC0-301F-11D3-BF4B-00C04F79EFBC}") = "LambdaEmptyFunction", "sandbox\LambdaEmptyFunction\src\LambdaEmptyFunction\LambdaEmptyFunction.csproj", "{3A4D7399-6B97-4C64-8F2B-F1120472492D}"
EndProject
Project("{FAE04EC0-301F-11D3-BF4B-00C04F79EFBC}") = "LambdaEmptyFunction.Tests", "sandbox\LambdaEmptyFunction\test\LambdaEmptyFunction.Tests\LambdaEmptyFunction.Tests.csproj", "{B21D8C96-551B-4655-9C7C-55CFC55C6BAA}"
EndProject
Project("{FAE04EC0-301F-11D3-BF4B-00C04F79EFBC}") = "LambdaASP.NETCoreWebAPI", "sandbox\LambdaASP.NETCoreWebAPI\src\LambdaASP.NETCoreWebAPI\LambdaASP.NETCoreWebAPI.csproj", "{6FC24104-B8F4-42CB-8F00-44C23E99CC9F}"
EndProject
Project("{FAE04EC0-301F-11D3-BF4B-00C04F79EFBC}") = "LambdaASP.NETCoreWebAPI.Tests", "sandbox\LambdaASP.NETCoreWebAPI\test\LambdaASP.NETCoreWebAPI.Tests\LambdaASP.NETCoreWebAPI.Tests.csproj", "{2D662ED5-19EF-4D14-8622-402A9A4CF6EF}"
EndProject
Project("{FAE04EC0-301F-11D3-BF4B-00C04F79EFBC}") = "Library.AsyncJob.Client", "src\Library.AsyncJob.Client\Library.AsyncJob.Client.csproj", "{2D87F73E-37AC-4E3C-A08E-83DF5408E759}"
EndProject
Project("{2150E333-8FDC-42A3-9474-1A3956D46DE8}") = "sample", "sample", "{5B1A6971-E768-4039-A016-353E8202F758}"
EndProject
Project("{FAE04EC0-301F-11D3-BF4B-00C04F79EFBC}") = "SampleJob.Job", "sample\SampleJob.Job\SampleJob.Job.csproj", "{61C74A62-B421-4945-9EEC-179A7BFE6F95}"
EndProject
Project("{FAE04EC0-301F-11D3-BF4B-00C04F79EFBC}") = "SampleJob.Worker", "sample\SampleJob.Worker\SampleJob.Worker.csproj", "{92E9C050-843D-454C-95B2-F7B110E87636}"
EndProject
Global
	GlobalSection(SolutionConfigurationPlatforms) = preSolution
		Debug|Any CPU = Debug|Any CPU
		Release|Any CPU = Release|Any CPU
	EndGlobalSection
	GlobalSection(ProjectConfigurationPlatforms) = postSolution
		{A6607B27-8799-43FC-A19A-3FA8BF57DD7C}.Debug|Any CPU.ActiveCfg = Debug|Any CPU
		{A6607B27-8799-43FC-A19A-3FA8BF57DD7C}.Debug|Any CPU.Build.0 = Debug|Any CPU
		{A6607B27-8799-43FC-A19A-3FA8BF57DD7C}.Release|Any CPU.ActiveCfg = Release|Any CPU
		{A6607B27-8799-43FC-A19A-3FA8BF57DD7C}.Release|Any CPU.Build.0 = Release|Any CPU
		{B252B1E5-30CE-4243-B9B6-9D023B54C461}.Debug|Any CPU.ActiveCfg = Debug|Any CPU
		{B252B1E5-30CE-4243-B9B6-9D023B54C461}.Debug|Any CPU.Build.0 = Debug|Any CPU
		{B252B1E5-30CE-4243-B9B6-9D023B54C461}.Release|Any CPU.ActiveCfg = Release|Any CPU
		{B252B1E5-30CE-4243-B9B6-9D023B54C461}.Release|Any CPU.Build.0 = Release|Any CPU
		{FBFC5880-3AE7-4A91-A4A7-46C648DD2557}.Debug|Any CPU.ActiveCfg = Debug|Any CPU
		{FBFC5880-3AE7-4A91-A4A7-46C648DD2557}.Debug|Any CPU.Build.0 = Debug|Any CPU
		{FBFC5880-3AE7-4A91-A4A7-46C648DD2557}.Release|Any CPU.ActiveCfg = Release|Any CPU
		{FBFC5880-3AE7-4A91-A4A7-46C648DD2557}.Release|Any CPU.Build.0 = Release|Any CPU
		{08596D53-8F3D-4639-A9B8-9D057B3FD653}.Debug|Any CPU.ActiveCfg = Debug|Any CPU
		{08596D53-8F3D-4639-A9B8-9D057B3FD653}.Debug|Any CPU.Build.0 = Debug|Any CPU
		{08596D53-8F3D-4639-A9B8-9D057B3FD653}.Release|Any CPU.ActiveCfg = Release|Any CPU
		{08596D53-8F3D-4639-A9B8-9D057B3FD653}.Release|Any CPU.Build.0 = Release|Any CPU
		{3A4D7399-6B97-4C64-8F2B-F1120472492D}.Debug|Any CPU.ActiveCfg = Debug|Any CPU
		{3A4D7399-6B97-4C64-8F2B-F1120472492D}.Debug|Any CPU.Build.0 = Debug|Any CPU
		{3A4D7399-6B97-4C64-8F2B-F1120472492D}.Release|Any CPU.ActiveCfg = Release|Any CPU
		{3A4D7399-6B97-4C64-8F2B-F1120472492D}.Release|Any CPU.Build.0 = Release|Any CPU
		{B21D8C96-551B-4655-9C7C-55CFC55C6BAA}.Debug|Any CPU.ActiveCfg = Debug|Any CPU
		{B21D8C96-551B-4655-9C7C-55CFC55C6BAA}.Debug|Any CPU.Build.0 = Debug|Any CPU
		{B21D8C96-551B-4655-9C7C-55CFC55C6BAA}.Release|Any CPU.ActiveCfg = Release|Any CPU
		{B21D8C96-551B-4655-9C7C-55CFC55C6BAA}.Release|Any CPU.Build.0 = Release|Any CPU
		{6FC24104-B8F4-42CB-8F00-44C23E99CC9F}.Debug|Any CPU.ActiveCfg = Debug|Any CPU
		{6FC24104-B8F4-42CB-8F00-44C23E99CC9F}.Debug|Any CPU.Build.0 = Debug|Any CPU
		{6FC24104-B8F4-42CB-8F00-44C23E99CC9F}.Release|Any CPU.ActiveCfg = Release|Any CPU
		{6FC24104-B8F4-42CB-8F00-44C23E99CC9F}.Release|Any CPU.Build.0 = Release|Any CPU
		{2D662ED5-19EF-4D14-8622-402A9A4CF6EF}.Debug|Any CPU.ActiveCfg = Debug|Any CPU
		{2D662ED5-19EF-4D14-8622-402A9A4CF6EF}.Debug|Any CPU.Build.0 = Debug|Any CPU
		{2D662ED5-19EF-4D14-8622-402A9A4CF6EF}.Release|Any CPU.ActiveCfg = Release|Any CPU
		{2D662ED5-19EF-4D14-8622-402A9A4CF6EF}.Release|Any CPU.Build.0 = Release|Any CPU
		{2D87F73E-37AC-4E3C-A08E-83DF5408E759}.Debug|Any CPU.ActiveCfg = Debug|Any CPU
		{2D87F73E-37AC-4E3C-A08E-83DF5408E759}.Debug|Any CPU.Build.0 = Debug|Any CPU
		{2D87F73E-37AC-4E3C-A08E-83DF5408E759}.Release|Any CPU.ActiveCfg = Release|Any CPU
		{2D87F73E-37AC-4E3C-A08E-83DF5408E759}.Release|Any CPU.Build.0 = Release|Any CPU
		{61C74A62-B421-4945-9EEC-179A7BFE6F95}.Debug|Any CPU.ActiveCfg = Debug|Any CPU
		{61C74A62-B421-4945-9EEC-179A7BFE6F95}.Debug|Any CPU.Build.0 = Debug|Any CPU
		{61C74A62-B421-4945-9EEC-179A7BFE6F95}.Release|Any CPU.ActiveCfg = Release|Any CPU
		{61C74A62-B421-4945-9EEC-179A7BFE6F95}.Release|Any CPU.Build.0 = Release|Any CPU
		{92E9C050-843D-454C-95B2-F7B110E87636}.Debug|Any CPU.ActiveCfg = Debug|Any CPU
		{92E9C050-843D-454C-95B2-F7B110E87636}.Debug|Any CPU.Build.0 = Debug|Any CPU
		{92E9C050-843D-454C-95B2-F7B110E87636}.Release|Any CPU.ActiveCfg = Release|Any CPU
		{92E9C050-843D-454C-95B2-F7B110E87636}.Release|Any CPU.Build.0 = Release|Any CPU
	EndGlobalSection
	GlobalSection(NestedProjects) = preSolution
		{B252B1E5-30CE-4243-B9B6-9D023B54C461} = {9A8E244C-7594-48F3-9101-B3E6A76D6660}
		{FBFC5880-3AE7-4A91-A4A7-46C648DD2557} = {9A8E244C-7594-48F3-9101-B3E6A76D6660}
		{08596D53-8F3D-4639-A9B8-9D057B3FD653} = {9A8E244C-7594-48F3-9101-B3E6A76D6660}
		{3A4D7399-6B97-4C64-8F2B-F1120472492D} = {9A8E244C-7594-48F3-9101-B3E6A76D6660}
		{B21D8C96-551B-4655-9C7C-55CFC55C6BAA} = {9A8E244C-7594-48F3-9101-B3E6A76D6660}
		{6FC24104-B8F4-42CB-8F00-44C23E99CC9F} = {9A8E244C-7594-48F3-9101-B3E6A76D6660}
		{2D662ED5-19EF-4D14-8622-402A9A4CF6EF} = {9A8E244C-7594-48F3-9101-B3E6A76D6660}
		{61C74A62-B421-4945-9EEC-179A7BFE6F95} = {5B1A6971-E768-4039-A016-353E8202F758}
		{92E9C050-843D-454C-95B2-F7B110E87636} = {5B1A6971-E768-4039-A016-353E8202F758}
	EndGlobalSection
EndGlobal
